
Microsoft Visual Studio Solution File, Format Version 12.00
# Visual Studio Version 16
VisualStudioVersion = 16.0.30225.117
MinimumVisualStudioVersion = 10.0.40219.1
Project("{9A19103F-16F7-4668-BE54-9A1E7A4F7556}") = "KIK", "KIK\KIK.csproj", "{1E5E3FFA-B74B-4B61-B8B0-922BE7357431}"
EndProject
Project("{FAE04EC0-301F-11D3-BF4B-00C04F79EFBC}") = "KIK.logging", "KIK.logging\KIK.logging.csproj", "{74B34AB3-58D2-416D-8D46-09D8FDC38442}"
EndProject
Global
	GlobalSection(SolutionConfigurationPlatforms) = preSolution
		Debug|Any CPU = Debug|Any CPU
		Release|Any CPU = Release|Any CPU
	EndGlobalSection
	GlobalSection(ProjectConfigurationPlatforms) = postSolution
		{1E5E3FFA-B74B-4B61-B8B0-922BE7357431}.Debug|Any CPU.ActiveCfg = Debug|Any CPU
		{1E5E3FFA-B74B-4B61-B8B0-922BE7357431}.Debug|Any CPU.Build.0 = Debug|Any CPU
		{1E5E3FFA-B74B-4B61-B8B0-922BE7357431}.Release|Any CPU.ActiveCfg = Release|Any CPU
		{1E5E3FFA-B74B-4B61-B8B0-922BE7357431}.Release|Any CPU.Build.0 = Release|Any CPU
		{74B34AB3-58D2-416D-8D46-09D8FDC38442}.Debug|Any CPU.ActiveCfg = Debug|Any CPU
		{74B34AB3-58D2-416D-8D46-09D8FDC38442}.Debug|Any CPU.Build.0 = Debug|Any CPU
		{74B34AB3-58D2-416D-8D46-09D8FDC38442}.Release|Any CPU.ActiveCfg = Release|Any CPU
		{74B34AB3-58D2-416D-8D46-09D8FDC38442}.Release|Any CPU.Build.0 = Release|Any CPU
	EndGlobalSection
	GlobalSection(SolutionProperties) = preSolution
		HideSolutionNode = FALSE
	EndGlobalSection
	GlobalSection(ExtensibilityGlobals) = postSolution
		SolutionGuid = {1B3D4700-4317-4DD2-9C65-E1FF140285C0}
	EndGlobalSection
EndGlobal
